
Microsoft Visual Studio Solution File, Format Version 12.00
# Visual Studio Version 16
VisualStudioVersion = 16.0.28803.452
MinimumVisualStudioVersion = 10.0.40219.1
Project("{F2A71F9B-5D33-465A-A702-920D77279786}") = "Class 5", "Class 5\Class 5.fsproj", "{C77FF766-9FC0-4664-950A-E15BCDAB4ADD}"
EndProject
Global
	GlobalSection(SolutionConfigurationPlatforms) = preSolution
		Debug|Any CPU = Debug|Any CPU
		Release|Any CPU = Release|Any CPU
	EndGlobalSection
	GlobalSection(ProjectConfigurationPlatforms) = postSolution
		{C77FF766-9FC0-4664-950A-E15BCDAB4ADD}.Debug|Any CPU.ActiveCfg = Debug|Any CPU
		{C77FF766-9FC0-4664-950A-E15BCDAB4ADD}.Debug|Any CPU.Build.0 = Debug|Any CPU
		{C77FF766-9FC0-4664-950A-E15BCDAB4ADD}.Release|Any CPU.ActiveCfg = Release|Any CPU
		{C77FF766-9FC0-4664-950A-E15BCDAB4ADD}.Release|Any CPU.Build.0 = Release|Any CPU
	EndGlobalSection
	GlobalSection(SolutionProperties) = preSolution
		HideSolutionNode = FALSE
	EndGlobalSection
	GlobalSection(ExtensibilityGlobals) = postSolution
		SolutionGuid = {137E8D44-96BD-40BD-9848-846A591672E7}
	EndGlobalSection
EndGlobal
