
Microsoft Visual Studio Solution File, Format Version 12.00
# Visual Studio Version 16
VisualStudioVersion = 16.0.28803.352
MinimumVisualStudioVersion = 10.0.40219.1
Project("{F2A71F9B-5D33-465A-A702-920D77279786}") = "List prod", "List prod\List prod.fsproj", "{979F9811-62EE-4D54-80C6-28F3915DBD64}"
EndProject
Global
	GlobalSection(SolutionConfigurationPlatforms) = preSolution
		Debug|Any CPU = Debug|Any CPU
		Release|Any CPU = Release|Any CPU
	EndGlobalSection
	GlobalSection(ProjectConfigurationPlatforms) = postSolution
		{979F9811-62EE-4D54-80C6-28F3915DBD64}.Debug|Any CPU.ActiveCfg = Debug|Any CPU
		{979F9811-62EE-4D54-80C6-28F3915DBD64}.Debug|Any CPU.Build.0 = Debug|Any CPU
		{979F9811-62EE-4D54-80C6-28F3915DBD64}.Release|Any CPU.ActiveCfg = Release|Any CPU
		{979F9811-62EE-4D54-80C6-28F3915DBD64}.Release|Any CPU.Build.0 = Release|Any CPU
	EndGlobalSection
	GlobalSection(SolutionProperties) = preSolution
		HideSolutionNode = FALSE
	EndGlobalSection
	GlobalSection(ExtensibilityGlobals) = postSolution
		SolutionGuid = {6361364E-EE0F-40AC-9325-CDC02A8C0B84}
	EndGlobalSection
EndGlobal
