
Microsoft Visual Studio Solution File, Format Version 12.00
# Visual Studio Version 16
VisualStudioVersion = 16.0.28803.352
MinimumVisualStudioVersion = 10.0.40219.1
Project("{F2A71F9B-5D33-465A-A702-920D77279786}") = "PS2 Q1", "PS2 Q1\PS2 Q1.fsproj", "{B4B0991D-2586-4B37-AF75-B80641465144}"
EndProject
Global
	GlobalSection(SolutionConfigurationPlatforms) = preSolution
		Debug|Any CPU = Debug|Any CPU
		Release|Any CPU = Release|Any CPU
	EndGlobalSection
	GlobalSection(ProjectConfigurationPlatforms) = postSolution
		{B4B0991D-2586-4B37-AF75-B80641465144}.Debug|Any CPU.ActiveCfg = Debug|Any CPU
		{B4B0991D-2586-4B37-AF75-B80641465144}.Debug|Any CPU.Build.0 = Debug|Any CPU
		{B4B0991D-2586-4B37-AF75-B80641465144}.Release|Any CPU.ActiveCfg = Release|Any CPU
		{B4B0991D-2586-4B37-AF75-B80641465144}.Release|Any CPU.Build.0 = Release|Any CPU
	EndGlobalSection
	GlobalSection(SolutionProperties) = preSolution
		HideSolutionNode = FALSE
	EndGlobalSection
	GlobalSection(ExtensibilityGlobals) = postSolution
		SolutionGuid = {47CFE530-FA24-4ADF-B481-4C6834C8F2F8}
	EndGlobalSection
EndGlobal
